github.com/yurzi/hugo-PaperMod v0.0.0-20260812131340-e13ab1cfbaed h1:/IkhmSOgRH+b18gDuwbspglU2ezTJwzkobUjaAaVaHg=
github.com/yurzi/hugo-PaperMod v0.0.0-20260812131340-e13ab1cfbaed/go.mod h1:gzICiUMfq0J8d0Tlk/9FLNPMB9udY5VPd72di7EWBIw=
github.com/yurzi/hugo-PaperMod v0.0.0-20260812133519-9154b7d58b54 h1:p3SJkwlS0mk5fk5uGOaKPtZb48KLBpm3wkrRm54T1aY=
github.com/yurzi/hugo-PaperMod v0.0.0-20260812133519-9154b7d58b54/go.mod h1:gzICiUMfq0J8d0Tlk/9FLNPMB9udY5VPd72di7EWBIw=
github.com/yurzi/hugo-PaperMod v0.0.0-20260821073959-337b60a32848 h1:pnc4Ut2yuCXbMxgwhfknIP6B1Cis1800IvJHLETWM68=
github.com/yurzi/hugo-PaperMod v0.0.0-20260821073959-337b60a32848/go.mod h1:gzICiUMfq0J8d0Tlk/9FLNPMB9udY5VPd72di7EWBIw=
